
Microsoft Visual Studio Solution File, Format Version 12.00
# Visual Studio Version 17
VisualStudioVersion = 17.6.33723.286
MinimumVisualStudioVersion = 10.0.40219.1
Project("{8BC9CEB8-8B4A-11D0-8D11-00A0C91BC942}") = "Probleme3", "Probleme3\Probleme3.vcxproj", "{BA52C51D-0CEB-44FD-8550-C9FA45A3E754}"
EndProject
Global
	GlobalSection(SolutionConfigurationPlatforms) = preSolution
		Debug|x64 = Debug|x64
		Debug|x86 = Debug|x86
		Release|x64 = Release|x64
		Release|x86 = Release|x86
	EndGlobalSection
	GlobalSection(ProjectConfigurationPlatforms) = postSolution
		{BA52C51D-0CEB-44FD-8550-C9FA45A3E754}.Debug|x64.ActiveCfg = Debug|x64
		{BA52C51D-0CEB-44FD-8550-C9FA45A3E754}.Debug|x64.Build.0 = Debug|x64
		{BA52C51D-0CEB-44FD-8550-C9FA45A3E754}.Debug|x86.ActiveCfg = Debug|Win32
		{BA52C51D-0CEB-44FD-8550-C9FA45A3E754}.Debug|x86.Build.0 = Debug|Win32
		{BA52C51D-0CEB-44FD-8550-C9FA45A3E754}.Release|x64.ActiveCfg = Release|x64
		{BA52C51D-0CEB-44FD-8550-C9FA45A3E754}.Release|x64.Build.0 = Release|x64
		{BA52C51D-0CEB-44FD-8550-C9FA45A3E754}.Release|x86.ActiveCfg = Release|Win32
		{BA52C51D-0CEB-44FD-8550-C9FA45A3E754}.Release|x86.Build.0 = Release|Win32
	EndGlobalSection
	GlobalSection(SolutionProperties) = preSolution
		HideSolutionNode = FALSE
	EndGlobalSection
	GlobalSection(ExtensibilityGlobals) = postSolution
		SolutionGuid = {E63DEA9F-E317-44E4-84EB-6A50783B225E}
	EndGlobalSection
EndGlobal
